
Microsoft Visual Studio Solution File, Format Version 12.00
# Visual Studio Version 17
VisualStudioVersion = 17.7.34009.444
MinimumVisualStudioVersion = 10.0.40219.1
Project("{FAE04EC0-301F-11D3-BF4B-00C04F79EFBC}") = "FormulirPendaftaran", "WindowsFormsApp2\FormulirPendaftaran.csproj", "{F6325582-2054-40B4-950A-13B63E780625}"
EndProject
Global
	GlobalSection(SolutionConfigurationPlatforms) = preSolution
		Debug|Any CPU = Debug|Any CPU
		Release|Any CPU = Release|Any CPU
	EndGlobalSection
	GlobalSection(ProjectConfigurationPlatforms) = postSolution
		{F6325582-2054-40B4-950A-13B63E780625}.Debug|Any CPU.ActiveCfg = Debug|Any CPU
		{F6325582-2054-40B4-950A-13B63E780625}.Debug|Any CPU.Build.0 = Debug|Any CPU
		{F6325582-2054-40B4-950A-13B63E780625}.Release|Any CPU.ActiveCfg = Release|Any CPU
		{F6325582-2054-40B4-950A-13B63E780625}.Release|Any CPU.Build.0 = Release|Any CPU
	EndGlobalSection
	GlobalSection(SolutionProperties) = preSolution
		HideSolutionNode = FALSE
	EndGlobalSection
	GlobalSection(ExtensibilityGlobals) = postSolution
		SolutionGuid = {CD7B321A-0C77-419F-8882-84D17CB46FF9}
	EndGlobalSection
EndGlobal
